Microsoft Visual Studio Solution File, Format Version 12.00
# Visual Studio Version 17
VisualStudioVersion = 17.5.2.0
MinimumVisualStudioVersion = 10.0.40219.1
Project("{FAE04EC0-301F-11D3-BF4B-00C04F79EFBC}") = "WebAppPasswordLessEmailAI", "WebAppPasswordLessEmailAI.csproj", "{939ABE61-9740-C291-1D54-984AAA9FB1F8}"
EndProject
Global
	GlobalSection(SolutionConfigurationPlatforms) = preSolution
		Debug|Any CPU = Debug|Any CPU
		Release|Any CPU = Release|Any CPU
	EndGlobalSection
	GlobalSection(ProjectConfigurationPlatforms) = postSolution
		{939ABE61-9740-C291-1D54-984AAA9FB1F8}.Debug|Any CPU.ActiveCfg = Debug|Any CPU
		{939ABE61-9740-C291-1D54-984AAA9FB1F8}.Debug|Any CPU.Build.0 = Debug|Any CPU
		{939ABE61-9740-C291-1D54-984AAA9FB1F8}.Release|Any CPU.ActiveCfg = Release|Any CPU
		{939ABE61-9740-C291-1D54-984AAA9FB1F8}.Release|Any CPU.Build.0 = Release|Any CPU
	EndGlobalSection
	GlobalSection(SolutionProperties) = preSolution
		HideSolutionNode = FALSE
	EndGlobalSection
	GlobalSection(ExtensibilityGlobals) = postSolution
		SolutionGuid = {8A67F388-A5D5-4DDB-898B-B5772695F98C}
	EndGlobalSection
EndGlobal
